{
  "name": "cinewatch-tv",
  "version": "0.0.0",
  "lockfileVersion": 3,
  "requires": true,
  "packages": {
    "": {
      "name": "cinewatch-tv",
      "version": "0.0.0",
      "license": "UNLICENSED",
      "workspaces": [
        "apps/web",
        "packages/contracts"
      ],
      "engines": {
        "node": ">=24.18.0 <25",
        "npm": ">=12 <13"
      }
    },
    "apps/web": {
      "name": "@cinewatch/web",
      "version": "0.0.0",
      "license": "UNLICENSED",
      "engines": {
        "node": ">=24.18.0 <25",
        "npm": ">=12 <13"
      }
    },
    "node_modules/@cinewatch/contracts": {
      "resolved": "packages/contracts",
      "link": true
    },
    "node_modules/@cinewatch/web": {
      "resolved": "apps/web",
      "link": true
    },
    "packages/contracts": {
      "name": "@cinewatch/contracts",
      "version": "0.0.0",
      "license": "UNLICENSED",
      "engines": {
        "node": ">=24.18.0 <25",
        "npm": ">=12 <13"
      }
    }
  }
}
